
Microsoft Visual Studio Solution File, Format Version 12.00
# Visual Studio Version 16
VisualStudioVersion = 16.0.30128.74
MinimumVisualStudioVersion = 10.0.40219.1
Project("{FAE04EC0-301F-11D3-BF4B-00C04F79EFBC}") = "Products.NorthwindTraders", "Products.NorthwindTraders\Products.NorthwindTraders.csproj", "{DC054309-D412-4A23-A8DC-C6B4AB43D958}"
EndProject
Global
	GlobalSection(SolutionConfigurationPlatforms) = preSolution
		Debug|Any CPU = Debug|Any CPU
		Release|Any CPU = Release|Any CPU
	EndGlobalSection
	GlobalSection(ProjectConfigurationPlatforms) = postSolution
		{DC054309-D412-4A23-A8DC-C6B4AB43D958}.Debug|Any CPU.ActiveCfg = Debug|Any CPU
		{DC054309-D412-4A23-A8DC-C6B4AB43D958}.Debug|Any CPU.Build.0 = Debug|Any CPU
		{DC054309-D412-4A23-A8DC-C6B4AB43D958}.Release|Any CPU.ActiveCfg = Release|Any CPU
		{DC054309-D412-4A23-A8DC-C6B4AB43D958}.Release|Any CPU.Build.0 = Release|Any CPU
	EndGlobalSection
	GlobalSection(SolutionProperties) = preSolution
		HideSolutionNode = FALSE
	EndGlobalSection
	GlobalSection(ExtensibilityGlobals) = postSolution
		SolutionGuid = {AFA16C49-94D3-47F0-A952-8208E69BD31A}
	EndGlobalSection
EndGlobal
